
Microsoft Visual Studio Solution File, Format Version 12.00
# Visual Studio Version 16
VisualStudioVersion = 16.0.31911.196
MinimumVisualStudioVersion = 10.0.40219.1
Project("{9A19103F-16F7-4668-BE54-9A1E7A4F7556}") = "Dynamite-CS-Runner", "Dynamite-CS-Runner\Dynamite-CS-Runner.csproj", "{B8610165-919A-47FD-8BA3-354AC5900EEB}"
EndProject
Project("{FAE04EC0-301F-11D3-BF4B-00C04F79EFBC}") = "PaperBot", "PaperBot\PaperBot.csproj", "{B589B2D6-8662-4B72-BB63-F6A81FEDDA83}"
EndProject
Project("{FAE04EC0-301F-11D3-BF4B-00C04F79EFBC}") = "DynoRockBot", "DynoRockBot\DynoRockBot.csproj", "{07FD7B82-4495-467E-968F-15F9E7CCD1B4}"
EndProject
Global
	GlobalSection(SolutionConfigurationPlatforms) = preSolution
		Debug|Any CPU = Debug|Any CPU
		Release|Any CPU = Release|Any CPU
	EndGlobalSection
	GlobalSection(ProjectConfigurationPlatforms) = postSolution
		{B8610165-919A-47FD-8BA3-354AC5900EEB}.Debug|Any CPU.ActiveCfg = Debug|Any CPU
		{B8610165-919A-47FD-8BA3-354AC5900EEB}.Debug|Any CPU.Build.0 = Debug|Any CPU
		{B8610165-919A-47FD-8BA3-354AC5900EEB}.Release|Any CPU.ActiveCfg = Release|Any CPU
		{B8610165-919A-47FD-8BA3-354AC5900EEB}.Release|Any CPU.Build.0 = Release|Any CPU
		{B589B2D6-8662-4B72-BB63-F6A81FEDDA83}.Debug|Any CPU.ActiveCfg = Debug|Any CPU
		{B589B2D6-8662-4B72-BB63-F6A81FEDDA83}.Debug|Any CPU.Build.0 = Debug|Any CPU
		{B589B2D6-8662-4B72-BB63-F6A81FEDDA83}.Release|Any CPU.ActiveCfg = Release|Any CPU
		{B589B2D6-8662-4B72-BB63-F6A81FEDDA83}.Release|Any CPU.Build.0 = Release|Any CPU
		{07FD7B82-4495-467E-968F-15F9E7CCD1B4}.Debug|Any CPU.ActiveCfg = Debug|Any CPU
		{07FD7B82-4495-467E-968F-15F9E7CCD1B4}.Debug|Any CPU.Build.0 = Debug|Any CPU
		{07FD7B82-4495-467E-968F-15F9E7CCD1B4}.Release|Any CPU.ActiveCfg = Release|Any CPU
		{07FD7B82-4495-467E-968F-15F9E7CCD1B4}.Release|Any CPU.Build.0 = Release|Any CPU
	EndGlobalSection
	GlobalSection(SolutionProperties) = preSolution
		HideSolutionNode = FALSE
	EndGlobalSection
	GlobalSection(ExtensibilityGlobals) = postSolution
		SolutionGuid = {4C61375A-AECB-4256-B7F5-AE6503BC5E1D}
	EndGlobalSection
EndGlobal
